// !$*UTF8*$!
{
	archiveVersion = 1;
	classes = {
	};
	objectVersion = 46;
	objects = {

/* Begin PBXBuildFile section */
		04DB63FC1EA1F6FA007C9B75 /* AppDelegate.swift in Sources */ = {isa = PBXBuildFile; fileRef = 04DB63FB1EA1F6FA007C9B75 /* AppDelegate.swift */; };
		04DB63FE1EA1F6FA007C9B75 /* ViewController.swift in Sources */ = {isa = PBXBuildFile; fileRef = 04DB63FD1EA1F6FA007C9B75 /* ViewController.swift */; };
		04DB64011EA1F6FA007C9B75 /* Main.storyboard in Resources */ = {isa = PBXBuildFile; fileRef = 04DB63FF1EA1F6FA007C9B75 /* Main.storyboard */; };
		04DB64031EA1F6FA007C9B75 /* Assets.xcassets in Resources */ = {isa = PBXBuildFile; fileRef = 04DB64021EA1F6FA007C9B75 /* Assets.xcassets */; };
		04DB64061EA1F6FA007C9B75 /* LaunchScreen.storyboard in Resources */ = {isa = PBXBuildFile; fileRef = 04DB64041EA1F6FA007C9B75 /* LaunchScreen.storyboard */; };
		04DB640E1EA20041007C9B75 /* ZipCodeDelegate.swift in Sources */ = {isa = PBXBuildFile; fileRef = 04DB640D1EA20041007C9B75 /* ZipCodeDelegate.swift */; };
		04DB64111EA3514B007C9B75 /* CashDelegate.swift in Sources */ = {isa = PBXBuildFile; fileRef = 04DB64101EA3514B007C9B75 /* CashDelegate.swift */; };
/* End PBXBuildFile section */

/* Begin PBXFileReference section */
		04DB63F81EA1F6FA007C9B75 /* TextFieldsChallengeApp.app */ = {isa = PBXFileReference; explicitFileType = wrapper.application; includeInIndex = 0; path = TextFieldsChallengeApp.app; sourceTree = BUILT_PRODUCTS_DIR; };
		04DB63FB1EA1F6FA007C9B75 /* AppDelegate.swift */ = {isa = PBXFileReference; lastKnownFileType = sourcecode.swift; path = AppDelegate.swift; sourceTree = "<group>"; };
		04DB63FD1EA1F6FA007C9B75 /* ViewController.swift */ = {isa = PBXFileReference; lastKnownFileType = sourcecode.swift; path = ViewController.swift; sourceTree = "<group>"; };
		04DB64001EA1F6FA007C9B75 /* Base */ = {isa = PBXFileReference; lastKnownFileType = file.storyboard; name = Base; path = Base.lproj/Main.storyboard; sourceTree = "<group>"; };
		04DB64021EA1F6FA007C9B75 /* Assets.xcassets */ = {isa = PBXFileReference; lastKnownFileType = folder.assetcatalog; path = Assets.xcassets; sourceTree = "<group>"; };
		04DB64051EA1F6FA007C9B75 /* Base */ = {isa = PBXFileReference; lastKnownFileType = file.storyboard; name = Base; path = Base.lproj/LaunchScreen.storyboard; sourceTree = "<group>"; };
		04DB64071EA1F6FA007C9B75 /* Info.plist */ = {isa = PBXFileReference; lastKnownFileType = text.plist.xml; path = Info.plist; sourceTree = "<group>"; };
		04DB640D1EA20041007C9B75 /* ZipCodeDelegate.swift */ = {isa = PBXFileReference; fileEncoding = 4; lastKnownFileType = sourcecode.swift; path = ZipCodeDelegate.swift; sourceTree = "<group>"; };
		04DB64101EA3514B007C9B75 /* CashDelegate.swift */ = {isa = PBXFileReference; fileEncoding = 4; lastKnownFileType = sourcecode.swift; path = CashDelegate.swift; sourceTree = "<group>"; };
/* End PBXFileReference section */

/* Begin PBXFrameworksBuildPhase section */
		04DB63F51EA1F6FA007C9B75 /* Frameworks */ = {
			isa = PBXFrameworksBuildPhase;
			buildActionMask = 2147483647;
			files = (
			);
			runOnlyForDeploymentPostprocessing = 0;
		};
/* End PBXFrameworksBuildPhase section */

/* Begin PBXGroup section */
		04DB63EF1EA1F6FA007C9B75 = {
			isa = PBXGroup;
			children = (
				04DB63FA1EA1F6FA007C9B75 /* TextFieldsChallengeApp */,
				04DB63F91EA1F6FA007C9B75 /* Products */,
			);
			sourceTree = "<group>";
		};
		04DB63F91EA1F6FA007C9B75 /* Products */ = {
			isa = PBXGroup;
			children = (
				04DB63F81EA1F6FA007C9B75 /* TextFieldsChallengeApp.app */,
			);
			name = Products;
			sourceTree = "<group>";
		};
		04DB63FA1EA1F6FA007C9B75 /* TextFieldsChallengeApp */ = {
			isa = PBXGroup;
			children = (
				04DB63FB1EA1F6FA007C9B75 /* AppDelegate.swift */,
				04DB63FD1EA1F6FA007C9B75 /* ViewController.swift */,
				04DB63FF1EA1F6FA007C9B75 /* Main.storyboard */,
				04DB640F1EA200A3007C9B75 /* UITextFieldDelegates */,
				04DB64021EA1F6FA007C9B75 /* Assets.xcassets */,
				04DB64041EA1F6FA007C9B75 /* LaunchScreen.storyboard */,
				04DB64071EA1F6FA007C9B75 /* Info.plist */,
			);
			path = TextFieldsChallengeApp;
			sourceTree = "<group>";
		};
		04DB640F1EA200A3007C9B75 /* UITextFieldDelegates */ = {
			isa = PBXGroup;
			children = (
				04DB64101EA3514B007C9B75 /* CashDelegate.swift */,
				04DB640D1EA20041007C9B75 /* ZipCodeDelegate.swift */,
			);
			name = UITextFieldDelegates;
			sourceTree = "<group>";
		};
/* End PBXGroup section */

/* Begin PBXNativeTarget section */
		04DB63F71EA1F6FA007C9B75 /* TextFieldsChallengeApp */ = {
			isa = PBXNativeTarget;
			buildConfigurationList = 04DB640A1EA1F6FA007C9B75 /* Build configuration list for PBXNativeTarget "TextFieldsChallengeApp" */;
			buildPhases = (
				04DB63F41EA1F6FA007C9B75 /* Sources */,
				04DB63F51EA1F6FA007C9B75 /* Frameworks */,
				04DB63F61EA1F6FA007C9B75 /* Resources */,
			);
			buildRules = (
			);
			dependencies = (
			);
			name = TextFieldsChallengeApp;
			productName = TextFieldsChallengeApp;
			productReference = 04DB63F81EA1F6FA007C9B75 /* TextFieldsChallengeApp.app */;
			productType = "com.apple.product-type.application";
		};
/* End PBXNativeTarget section */

/* Begin PBXProject section */
		04DB63F01EA1F6FA007C9B75 /* Project object */ = {
			isa = PBXProject;
			attributes = {
				LastSwiftUpdateCheck = 0820;
				LastUpgradeCheck = 0820;
				ORGANIZATIONNAME = "Justin Gareau";
				TargetAttributes = {
					04DB63F71EA1F6FA007C9B75 = {
						CreatedOnToolsVersion = 8.2;
						DevelopmentTeam = 24864XAC3K;
						ProvisioningStyle = Automatic;
					};
				};
			};
			buildConfigurationList = 04DB63F31EA1F6FA007C9B75 /* Build configuration list for PBXProject "TextFieldsChallengeApp" */;
			compatibilityVersion = "Xcode 3.2";
			developmentRegion = English;
			hasScannedForEncodings = 0;
			knownRegions = (
				en,
				Base,
			);
			mainGroup = 04DB63EF1EA1F6FA007C9B75;
			productRefGroup = 04DB63F91EA1F6FA007C9B75 /* Products */;
			projectDirPath = "";
			projectRoot = "";
			targets = (
				04DB63F71EA1F6FA007C9B75 /* TextFieldsChallengeApp */,
			);
		};
/* End PBXProject section */

/* Begin PBXResourcesBuildPhase section */
		04DB63F61EA1F6FA007C9B75 /* Resources */ = {
			isa = PBXResourcesBuildPhase;
			buildActionMask = 2147483647;
			files = (
				04DB64061EA1F6FA007C9B75 /* LaunchScreen.storyboard in Resources */,
				04DB64031EA1F6FA007C9B75 /* Assets.xcassets in Resources */,
				04DB64011EA1F6FA007C9B75 /* Main.storyboard in Resources */,
			);
			runOnlyForDeploymentPostprocessing = 0;
		};
/* End PBXResourcesBuildPhase section */

/* Begin PBXSourcesBuildPhase section */
		04DB63F41EA1F6FA007C9B75 /* Sources */ = {
			isa = PBXSourcesBuildPhase;
			buildActionMask = 2147483647;
			files = (
				04DB63FE1EA1F6FA007C9B75 /* ViewController.swift in Sources */,
				04DB640E1EA20041007C9B75 /* ZipCodeDelegate.swift in Sources */,
				04DB63FC1EA1F6FA007C9B75 /* AppDelegate.swift in Sources */,
				04DB64111EA3514B007C9B75 /* CashDelegate.swift in Sources */,
			);
			runOnlyForDeploymentPostprocessing = 0;
		};
/* End PBXSourcesBuildPhase section */

/* Begin PBXVariantGroup section */
		04DB63FF1EA1F6FA007C9B75 /* Main.storyboard */ = {
			isa = PBXVariantGroup;
			children = (
				04DB64001EA1F6FA007C9B75 /* Base */,
			);
			name = Main.storyboard;
			sourceTree = "<group>";
		};
		04DB64041EA1F6FA007C9B75 /* LaunchScreen.storyboard */ = {
			isa = PBXVariantGroup;
			children = (
				04DB64051EA1F6FA007C9B75 /* Base */,
			);
			name = LaunchScreen.storyboard;
			sourceTree = "<group>";
		};
/* End PBXVariantGroup section */

/* Begin XCBuildConfiguration section */
		04DB64081EA1F6FA007C9B75 /* Debug */ = {
			isa = XCBuildConfiguration;
			buildSettings = {
				ALWAYS_SEARCH_USER_PATHS = NO;
				CLANG_ANALYZER_NONNULL = YES;
				CLANG_CXX_LANGUAGE_STANDARD = "gnu++0x";
				CLANG_CXX_LIBRARY = "libc++";
				CLANG_ENABLE_MODULES = YES;
				CLANG_ENABLE_OBJC_ARC = YES;
				CLANG_WARN_BOOL_CONVERSION = YES;
				CLANG_WARN_CONSTANT_CONVERSION = YES;
				CLANG_WARN_DIRECT_OBJC_ISA_USAGE = YES_ERROR;
				CLANG_WARN_DOCUMENTATION_COMMENTS = YES;
				CLANG_WARN_EMPTY_BODY = YES;
				CLANG_WARN_ENUM_CONVERSION = YES;
				CLANG_WARN_INFINITE_RECURSION = YES;
				CLANG_WARN_INT_CONVERSION = YES;
				CLANG_WARN_OBJC_ROOT_CLASS = YES_ERROR;
				CLANG_WARN_SUSPICIOUS_MOVE = YES;
				CLANG_WARN_UNREACHABLE_CODE = YES;
				CLANG_WARN__DUPLICATE_METHOD_MATCH = YES;
				"CODE_SIGN_IDENTITY[sdk=iphoneos*]" = "iPhone Developer";
				COPY_PHASE_STRIP = NO;
				DEBUG_INFORMATION_FORMAT = dwarf;
				ENABLE_STRICT_OBJC_MSGSEND = YES;
				ENABLE_TESTABILITY = YES;
				GCC_C_LANGUAGE_STANDARD = gnu99;
				GCC_DYNAMIC_NO_PIC = NO;
				GCC_NO_COMMON_BLOCKS = YES;
				GCC_OPTIMIZATION_LEVEL = 0;
				GCC_PREPROCESSOR_DEFINITIONS = (
					"DEBUG=1",
					"$(inherited)",
				);
				GCC_WARN_64_TO_32_BIT_CONVERSION = YES;
				GCC_WARN_ABOUT_RETURN_TYPE = YES_ERROR;
				GCC_WARN_UNDECLARED_SELECTOR = YES;
				GCC_WARN_UNINITIALIZED_AUTOS = YES_AGGRESSIVE;
				GCC_WARN_UNUSED_FUNCTION = YES;
				GCC_WARN_UNUSED_VARIABLE = YES;
				IPHONEOS_DEPLOYMENT_TARGET = 10.2;
				MTL_ENABLE_DEBUG_INFO = YES;
				ONLY_ACTIVE_ARCH = YES;
				SDKROOT = iphoneos;
				SWIFT_ACTIVE_COMPILATION_CONDITIONS = DEBUG;
				SWIFT_OPTIMIZATION_LEVEL = "-Onone";
			};
			name = Debug;
		};
		04DB64091EA1F6FA007C9B75 /* Release */ = {
			isa = XCBuildConfiguration;
			buildSettings = {
				ALWAYS_SEARCH_USER_PATHS = NO;
				CLANG_ANALYZER_NONNULL = YES;
				CLANG_CXX_LANGUAGE_STANDARD = "gnu++0x";
				CLANG_CXX_LIBRARY = "libc++";
				CLANG_ENABLE_MODULES = YES;
				CLANG_ENABLE_OBJC_ARC = YES;
				CLANG_WARN_BOOL_CONVERSION = YES;
				CLANG_WARN_CONSTANT_CONVERSION = YES;
				CLANG_WARN_DIRECT_OBJC_ISA_USAGE = YES_ERROR;
				CLANG_WARN_DOCUMENTATION_COMMENTS = YES;
				CLANG_WARN_EMPTY_BODY = YES;
				CLANG_WARN_ENUM_CONVERSION = YES;
				CLANG_WARN_INFINITE_RECURSION = YES;
				CLANG_WARN_INT_CONVERSION = YES;
				CLANG_WARN_OBJC_ROOT_CLASS = YES_ERROR;
				CLANG_WARN_SUSPICIOUS_MOVE = YES;
				CLANG_WARN_UNREACHABLE_CODE = YES;
				CLANG_WARN__DUPLICATE_METHOD_MATCH = YES;
				"CODE_SIGN_IDENTITY[sdk=iphoneos*]" = "iPhone Developer";
				COPY_PHASE_STRIP = NO;
				DEBUG_INFORMATION_FORMAT = "dwarf-with-dsym";
				ENABLE_NS_ASSERTIONS = NO;
				ENABLE_STRICT_OBJC_MSGSEND = YES;
				GCC_C_LANGUAGE_STANDARD = gnu99;
				GCC_NO_COMMON_BLOCKS = YES;
				GCC_WARN_64_TO_32_BIT_CONVERSION = YES;
				GCC_WARN_ABOUT_RETURN_TYPE = YES_ERROR;
				GCC_WARN_UNDECLARED_SELECTOR = YES;
				GCC_WARN_UNINITIALIZED_AUTOS = YES_AGGRESSIVE;
				GCC_WARN_UNUSED_FUNCTION = YES;
				GCC_WARN_UNUSED_VARIABLE = YES;
				IPHONEOS_DEPLOYMENT_TARGET = 10.2;
				MTL_ENABLE_DEBUG_INFO = NO;
				SDKROOT = iphoneos;
				SWIFT_OPTIMIZATION_LEVEL = "-Owholemodule";
				VALIDATE_PRODUCT = YES;
			};
			name = Release;
		};
		04DB640B1EA1F6FA007C9B75 /* Debug */ = {
			isa = XCBuildConfiguration;
			buildSettings = {
				ASSETCATALOG_COMPILER_APPICON_NAME = AppIcon;
				DEVELOPMENT_TEAM = 24864XAC3K;
				INFOPLIST_FILE = TextFieldsChallengeApp/Info.plist;
				LD_RUNPATH_SEARCH_PATHS = "$(inherited) @executable_path/Frameworks";
				PRODUCT_BUNDLE_IDENTIFIER = com.tangareau.TextFieldsChallengeApp;
				PRODUCT_NAME = "$(TARGET_NAME)";
				SWIFT_VERSION = 3.0;
			};
			name = Debug;
		};
		04DB640C1EA1F6FA007C9B75 /* Release */ = {
			isa = XCBuildConfiguration;
			buildSettings = {
				ASSETCATALOG_COMPILER_APPICON_NAME = AppIcon;
				DEVELOPMENT_TEAM = 24864XAC3K;
				INFOPLIST_FILE = TextFieldsChallengeApp/Info.plist;
				LD_RUNPATH_SEARCH_PATHS = "$(inherited) @executable_path/Frameworks";
				PRODUCT_BUNDLE_IDENTIFIER = com.tangareau.TextFieldsChallengeApp;
				PRODUCT_NAME = "$(TARGET_NAME)";
				SWIFT_VERSION = 3.0;
			};
			name = Release;
		};
/* End XCBuildConfiguration section */

/* Begin XCConfigurationList section */
		04DB63F31EA1F6FA007C9B75 /* Build configuration list for PBXProject "TextFieldsChallengeApp" */ = {
			isa = XCConfigurationList;
			buildConfigurations = (
				04DB64081EA1F6FA007C9B75 /* Debug */,
				04DB64091EA1F6FA007C9B75 /* Release */,
			);
			defaultConfigurationIsVisible = 0;
			defaultConfigurationName = Release;
		};
		04DB640A1EA1F6FA007C9B75 /* Build configuration list for PBXNativeTarget "TextFieldsChallengeApp" */ = {
			isa = XCConfigurationList;
			buildConfigurations = (
				04DB640B1EA1F6FA007C9B75 /* Debug */,
				04DB640C1EA1F6FA007C9B75 /* Release */,
			);
			defaultConfigurationIsVisible = 0;
		};
/* End XCConfigurationList section */
	};
	rootObject = 04DB63F01EA1F6FA007C9B75 /* Project object */;
}
